// !$*UTF8*$!
{
	archiveVersion = 1;
	classes = {
	};
	objectVersion = 55;
	objects = {

/* Begin PBXBuildFile section */
		B414E6E828030B4800ED19C3 /* CatsApp.swift in Sources */ = {isa = PBXBuildFile; fileRef = B414E6E728030B4800ED19C3 /* CatsApp.swift */; };
		B414E6EC28030B4B00ED19C3 /* Assets.xcassets in Resources */ = {isa = PBXBuildFile; fileRef = B414E6EB28030B4B00ED19C3 /* Assets.xcassets */; };
		B414E6EF28030B4B00ED19C3 /* Preview Assets.xcassets in Resources */ = {isa = PBXBuildFile; fileRef = B414E6EE28030B4B00ED19C3 /* Preview Assets.xcassets */; };
		B414E6F628030CAB00ED19C3 /* CatsMain.swift in Sources */ = {isa = PBXBuildFile; fileRef = B414E6F528030CAB00ED19C3 /* CatsMain.swift */; };
		B414E6FE280313E000ED19C3 /* CatsDetail.swift in Sources */ = {isa = PBXBuildFile; fileRef = B414E6FD280313E000ED19C3 /* CatsDetail.swift */; };
		B414E700280313F600ED19C3 /* CatsFavorite.swift in Sources */ = {isa = PBXBuildFile; fileRef = B414E6FF280313F600ED19C3 /* CatsFavorite.swift */; };
		B414E706280318A200ED19C3 /* CatsViewModel.swift in Sources */ = {isa = PBXBuildFile; fileRef = B414E705280318A200ED19C3 /* CatsViewModel.swift */; };
		B414E70828031A1900ED19C3 /* CatsDetailViewModel.swift in Sources */ = {isa = PBXBuildFile; fileRef = B414E70728031A1900ED19C3 /* CatsDetailViewModel.swift */; };
		B414E70A28031B5900ED19C3 /* CatsFavoriteViewModel.swift in Sources */ = {isa = PBXBuildFile; fileRef = B414E70928031B5900ED19C3 /* CatsFavoriteViewModel.swift */; };
		B414E70E28031BF100ED19C3 /* Agent.swift in Sources */ = {isa = PBXBuildFile; fileRef = B414E70D28031BF100ED19C3 /* Agent.swift */; };
		B414E71028031BF700ED19C3 /* API.swift in Sources */ = {isa = PBXBuildFile; fileRef = B414E70F28031BF700ED19C3 /* API.swift */; };
		B414E71228031C0300ED19C3 /* AgentError.swift in Sources */ = {isa = PBXBuildFile; fileRef = B414E71128031C0300ED19C3 /* AgentError.swift */; };
		B414E71528031C6E00ED19C3 /* CoreDataStore.swift in Sources */ = {isa = PBXBuildFile; fileRef = B414E71428031C6E00ED19C3 /* CoreDataStore.swift */; };
		B414E71828031CA600ED19C3 /* CoreDataSave.swift in Sources */ = {isa = PBXBuildFile; fileRef = B414E71728031CA600ED19C3 /* CoreDataSave.swift */; };
		B414E71A28031CC500ED19C3 /* CoreDataFetch.swift in Sources */ = {isa = PBXBuildFile; fileRef = B414E71928031CC500ED19C3 /* CoreDataFetch.swift */; };
		B414E71C28031CED00ED19C3 /* CoreDataDelete.swift in Sources */ = {isa = PBXBuildFile; fileRef = B414E71B28031CED00ED19C3 /* CoreDataDelete.swift */; };
		B414E72028031F9E00ED19C3 /* ContentView.swift in Sources */ = {isa = PBXBuildFile; fileRef = B414E71F28031F9E00ED19C3 /* ContentView.swift */; };
		B414E7282803421000ED19C3 /* CatsModel.swift in Sources */ = {isa = PBXBuildFile; fileRef = B414E7272803421000ED19C3 /* CatsModel.swift */; };
		B414E72A2803551600ED19C3 /* BreedesModel.swift in Sources */ = {isa = PBXBuildFile; fileRef = B414E7292803551600ED19C3 /* BreedesModel.swift */; };
		B421084B281142DB001A8B35 /* UIHostingIgnoreSafeArea.swift in Sources */ = {isa = PBXBuildFile; fileRef = B421084A281142DB001A8B35 /* UIHostingIgnoreSafeArea.swift */; };
		B42108602811AB2D001A8B35 /* SeacrhField.swift in Sources */ = {isa = PBXBuildFile; fileRef = B421085F2811AB2D001A8B35 /* SeacrhField.swift */; };
		B421086A2811B841001A8B35 /* ImageCache.swift in Sources */ = {isa = PBXBuildFile; fileRef = B42108662811B841001A8B35 /* ImageCache.swift */; };
		B421086B2811B841001A8B35 /* ImageLoader.swift in Sources */ = {isa = PBXBuildFile; fileRef = B42108672811B841001A8B35 /* ImageLoader.swift */; };
		B421086C2811B841001A8B35 /* EnvironmentValues+ImageCache.swift in Sources */ = {isa = PBXBuildFile; fileRef = B42108682811B841001A8B35 /* EnvironmentValues+ImageCache.swift */; };
		B421086D2811B841001A8B35 /* AsyncImageCached.swift in Sources */ = {isa = PBXBuildFile; fileRef = B42108692811B841001A8B35 /* AsyncImageCached.swift */; };
		B421087A28143A71001A8B35 /* LRUCaching.swift in Sources */ = {isa = PBXBuildFile; fileRef = B421087928143A71001A8B35 /* LRUCaching.swift */; };
		B43415102804A744000EA2BF /* CatsFavoriteDetail.swift in Sources */ = {isa = PBXBuildFile; fileRef = B434150F2804A744000EA2BF /* CatsFavoriteDetail.swift */; };
		B43415182804ADF6000EA2BF /* CatsTests.swift in Sources */ = {isa = PBXBuildFile; fileRef = B43415172804ADF6000EA2BF /* CatsTests.swift */; };
		B4C6268E280456430060C77D /* Model.xcdatamodeld in Sources */ = {isa = PBXBuildFile; fileRef = B4C6268C280456430060C77D /* Model.xcdatamodeld */; };
		B4C62C26280832C900105FCC /* CoreDataAPI.swift in Sources */ = {isa = PBXBuildFile; fileRef = B4C62C25280832C900105FCC /* CoreDataAPI.swift */; };
		B4C62C2B28085A0000105FCC /* LaunchScreen.storyboard in Resources */ = {isa = PBXBuildFile; fileRef = B4C62C2A28085A0000105FCC /* LaunchScreen.storyboard */; };
		B4E910632805B0EB009B8350 /* CatsCell.swift in Sources */ = {isa = PBXBuildFile; fileRef = B4E910622805B0EB009B8350 /* CatsCell.swift */; };
		B4E910652805B1C6009B8350 /* UIKitCollection.swift in Sources */ = {isa = PBXBuildFile; fileRef = B4E910642805B1C6009B8350 /* UIKitCollection.swift */; };
		B4E910672805B22C009B8350 /* CollectionViewController.swift in Sources */ = {isa = PBXBuildFile; fileRef = B4E910662805B22C009B8350 /* CollectionViewController.swift */; };
		B4E9106F2805EA81009B8350 /* Image+ext.swift in Sources */ = {isa = PBXBuildFile; fileRef = B4E9106E2805EA81009B8350 /* Image+ext.swift */; };
/* End PBXBuildFile section */

/* Begin PBXContainerItemProxy section */
		B43415192804ADF6000EA2BF /* PBXContainerItemProxy */ = {
			isa = PBXContainerItemProxy;
			containerPortal = B414E6DC28030B4800ED19C3 /* Project object */;
			proxyType = 1;
			remoteGlobalIDString = B414E6E328030B4800ED19C3;
			remoteInfo = Cats;
		};
/* End PBXContainerItemProxy section */

/* Begin PBXFileReference section */
		B414E6E428030B4800ED19C3 /* Cats.app */ = {isa = PBXFileReference; explicitFileType = wrapper.application; includeInIndex = 0; path = Cats.app; sourceTree = BUILT_PRODUCTS_DIR; };
		B414E6E728030B4800ED19C3 /* CatsApp.swift */ = {isa = PBXFileReference; lastKnownFileType = sourcecode.swift; path = CatsApp.swift; sourceTree = "<group>"; };
		B414E6EB28030B4B00ED19C3 /* Assets.xcassets */ = {isa = PBXFileReference; lastKnownFileType = folder.assetcatalog; path = Assets.xcassets; sourceTree = "<group>"; };
		B414E6EE28030B4B00ED19C3 /* Preview Assets.xcassets */ = {isa = PBXFileReference; lastKnownFileType = folder.assetcatalog; path = "Preview Assets.xcassets"; sourceTree = "<group>"; };
		B414E6F528030CAB00ED19C3 /* CatsMain.swift */ = {isa = PBXFileReference; lastKnownFileType = sourcecode.swift; path = CatsMain.swift; sourceTree = "<group>"; };
		B414E6FD280313E000ED19C3 /* CatsDetail.swift */ = {isa = PBXFileReference; lastKnownFileType = sourcecode.swift; path = CatsDetail.swift; sourceTree = "<group>"; };
		B414E6FF280313F600ED19C3 /* CatsFavorite.swift */ = {isa = PBXFileReference; lastKnownFileType = sourcecode.swift; path = CatsFavorite.swift; sourceTree = "<group>"; };
		B414E705280318A200ED19C3 /* CatsViewModel.swift */ = {isa = PBXFileReference; lastKnownFileType = sourcecode.swift; path = CatsViewModel.swift; sourceTree = "<group>"; };
		B414E70728031A1900ED19C3 /* CatsDetailViewModel.swift */ = {isa = PBXFileReference; lastKnownFileType = sourcecode.swift; path = CatsDetailViewModel.swift; sourceTree = "<group>"; };
		B414E70928031B5900ED19C3 /* CatsFavoriteViewModel.swift */ = {isa = PBXFileReference; lastKnownFileType = sourcecode.swift; path = CatsFavoriteViewModel.swift; sourceTree = "<group>"; };
		B414E70D28031BF100ED19C3 /* Agent.swift */ = {isa = PBXFileReference; lastKnownFileType = sourcecode.swift; path = Agent.swift; sourceTree = "<group>"; };
		B414E70F28031BF700ED19C3 /* API.swift */ = {isa = PBXFileReference; lastKnownFileType = sourcecode.swift; path = API.swift; sourceTree = "<group>"; };
		B414E71128031C0300ED19C3 /* AgentError.swift */ = {isa = PBXFileReference; lastKnownFileType = sourcecode.swift; path = AgentError.swift; sourceTree = "<group>"; };
		B414E71428031C6E00ED19C3 /* CoreDataStore.swift */ = {isa = PBXFileReference; lastKnownFileType = sourcecode.swift; path = CoreDataStore.swift; sourceTree = "<group>"; };
		B414E71728031CA600ED19C3 /* CoreDataSave.swift */ = {isa = PBXFileReference; lastKnownFileType = sourcecode.swift; path = CoreDataSave.swift; sourceTree = "<group>"; };
		B414E71928031CC500ED19C3 /* CoreDataFetch.swift */ = {isa = PBXFileReference; lastKnownFileType = sourcecode.swift; path = CoreDataFetch.swift; sourceTree = "<group>"; };
		B414E71B28031CED00ED19C3 /* CoreDataDelete.swift */ = {isa = PBXFileReference; lastKnownFileType = sourcecode.swift; path = CoreDataDelete.swift; sourceTree = "<group>"; };
		B414E71F28031F9E00ED19C3 /* ContentView.swift */ = {isa = PBXFileReference; lastKnownFileType = sourcecode.swift; path = ContentView.swift; sourceTree = "<group>"; };
		B414E7272803421000ED19C3 /* CatsModel.swift */ = {isa = PBXFileReference; lastKnownFileType = sourcecode.swift; path = CatsModel.swift; sourceTree = "<group>"; };
		B414E7292803551600ED19C3 /* BreedesModel.swift */ = {isa = PBXFileReference; lastKnownFileType = sourcecode.swift; path = BreedesModel.swift; sourceTree = "<group>"; };
		B421084A281142DB001A8B35 /* UIHostingIgnoreSafeArea.swift */ = {isa = PBXFileReference; lastKnownFileType = sourcecode.swift; path = UIHostingIgnoreSafeArea.swift; sourceTree = "<group>"; };
		B421085F2811AB2D001A8B35 /* SeacrhField.swift */ = {isa = PBXFileReference; lastKnownFileType = sourcecode.swift; path = SeacrhField.swift; sourceTree = "<group>"; };
		B42108662811B841001A8B35 /* ImageCache.swift */ = {isa = PBXFileReference; fileEncoding = 4; lastKnownFileType = sourcecode.swift; path = ImageCache.swift; sourceTree = "<group>"; };
		B42108672811B841001A8B35 /* ImageLoader.swift */ = {isa = PBXFileReference; fileEncoding = 4; lastKnownFileType = sourcecode.swift; path = ImageLoader.swift; sourceTree = "<group>"; };
		B42108682811B841001A8B35 /* EnvironmentValues+ImageCache.swift */ = {isa = PBXFileReference; fileEncoding = 4; lastKnownFileType = sourcecode.swift; path = "EnvironmentValues+ImageCache.swift"; sourceTree = "<group>"; };
		B42108692811B841001A8B35 /* AsyncImageCached.swift */ = {isa = PBXFileReference; fileEncoding = 4; lastKnownFileType = sourcecode.swift; path = AsyncImageCached.swift; sourceTree = "<group>"; };
		B421087928143A71001A8B35 /* LRUCaching.swift */ = {isa = PBXFileReference; lastKnownFileType = sourcecode.swift; path = LRUCaching.swift; sourceTree = "<group>"; };
		B434150F2804A744000EA2BF /* CatsFavoriteDetail.swift */ = {isa = PBXFileReference; lastKnownFileType = sourcecode.swift; path = CatsFavoriteDetail.swift; sourceTree = "<group>"; };
		B43415152804ADF6000EA2BF /* CatsTests.xctest */ = {isa = PBXFileReference; explicitFileType = wrapper.cfbundle; includeInIndex = 0; path = CatsTests.xctest; sourceTree = BUILT_PRODUCTS_DIR; };
		B43415172804ADF6000EA2BF /* CatsTests.swift */ = {isa = PBXFileReference; lastKnownFileType = sourcecode.swift; path = CatsTests.swift; sourceTree = "<group>"; };
		B4C6268D280456430060C77D /* Model.xcdatamodel */ = {isa = PBXFileReference; lastKnownFileType = wrapper.xcdatamodel; path = Model.xcdatamodel; sourceTree = "<group>"; };
		B4C62C25280832C900105FCC /* CoreDataAPI.swift */ = {isa = PBXFileReference; lastKnownFileType = sourcecode.swift; path = CoreDataAPI.swift; sourceTree = "<group>"; };
		B4C62C2A28085A0000105FCC /* LaunchScreen.storyboard */ = {isa = PBXFileReference; lastKnownFileType = file.storyboard; path = LaunchScreen.storyboard; sourceTree = "<group>"; };
		B4E910622805B0EB009B8350 /* CatsCell.swift */ = {isa = PBXFileReference; lastKnownFileType = sourcecode.swift; path = CatsCell.swift; sourceTree = "<group>"; };
		B4E910642805B1C6009B8350 /* UIKitCollection.swift */ = {isa = PBXFileReference; lastKnownFileType = sourcecode.swift; path = UIKitCollection.swift; sourceTree = "<group>"; };
		B4E910662805B22C009B8350 /* CollectionViewController.swift */ = {isa = PBXFileReference; lastKnownFileType = sourcecode.swift; path = CollectionViewController.swift; sourceTree = "<group>"; };
		B4E9106E2805EA81009B8350 /* Image+ext.swift */ = {isa = PBXFileReference; lastKnownFileType = sourcecode.swift; path = "Image+ext.swift"; sourceTree = "<group>"; };
/* End PBXFileReference section */

/* Begin PBXFrameworksBuildPhase section */
		B414E6E128030B4800ED19C3 /* Frameworks */ = {
			isa = PBXFrameworksBuildPhase;
			buildActionMask = 2147483647;
			files = (
			);
			runOnlyForDeploymentPostprocessing = 0;
		};
		B43415122804ADF6000EA2BF /* Frameworks */ = {
			isa = PBXFrameworksBuildPhase;
			buildActionMask = 2147483647;
			files = (
			);
			runOnlyForDeploymentPostprocessing = 0;
		};
/* End PBXFrameworksBuildPhase section */

/* Begin PBXGroup section */
		B414E6DB28030B4800ED19C3 = {
			isa = PBXGroup;
			children = (
				B414E6E628030B4800ED19C3 /* Cats */,
				B43415162804ADF6000EA2BF /* CatsTests */,
				B414E6E528030B4800ED19C3 /* Products */,
			);
			sourceTree = "<group>";
		};
		B414E6E528030B4800ED19C3 /* Products */ = {
			isa = PBXGroup;
			children = (
				B414E6E428030B4800ED19C3 /* Cats.app */,
				B43415152804ADF6000EA2BF /* CatsTests.xctest */,
			);
			name = Products;
			sourceTree = "<group>";
		};
		B414E6E628030B4800ED19C3 /* Cats */ = {
			isa = PBXGroup;
			children = (
				B414E6E728030B4800ED19C3 /* CatsApp.swift */,
				B414E71F28031F9E00ED19C3 /* ContentView.swift */,
				B414E70B28031BAC00ED19C3 /* Core */,
				B4C626882804072F0060C77D /* Models */,
				B414E7012803162100ED19C3 /* Elements */,
				B4E910702805EA87009B8350 /* Extensions */,
				B414E70C28031BCE00ED19C3 /* Services */,
				B414E6EB28030B4B00ED19C3 /* Assets.xcassets */,
				B414E6ED28030B4B00ED19C3 /* Preview Content */,
				B4C62C2A28085A0000105FCC /* LaunchScreen.storyboard */,
			);
			path = Cats;
			sourceTree = "<group>";
		};
		B414E6ED28030B4B00ED19C3 /* Preview Content */ = {
			isa = PBXGroup;
			children = (
				B414E6EE28030B4B00ED19C3 /* Preview Assets.xcassets */,
			);
			path = "Preview Content";
			sourceTree = "<group>";
		};
		B414E7012803162100ED19C3 /* Elements */ = {
			isa = PBXGroup;
			children = (
				B421085F2811AB2D001A8B35 /* SeacrhField.swift */,
			);
			path = Elements;
			sourceTree = "<group>";
		};
		B414E7022803163200ED19C3 /* Favorite */ = {
			isa = PBXGroup;
			children = (
				B414E6FF280313F600ED19C3 /* CatsFavorite.swift */,
				B434150F2804A744000EA2BF /* CatsFavoriteDetail.swift */,
				B414E70928031B5900ED19C3 /* CatsFavoriteViewModel.swift */,
			);
			path = Favorite;
			sourceTree = "<group>";
		};
		B414E7032803163A00ED19C3 /* Detail */ = {
			isa = PBXGroup;
			children = (
				B414E6FD280313E000ED19C3 /* CatsDetail.swift */,
				B414E70728031A1900ED19C3 /* CatsDetailViewModel.swift */,
			);
			path = Detail;
			sourceTree = "<group>";
		};
		B414E7042803189500ED19C3 /* Main */ = {
			isa = PBXGroup;
			children = (
				B414E6F528030CAB00ED19C3 /* CatsMain.swift */,
				B414E705280318A200ED19C3 /* CatsViewModel.swift */,
				B4E910622805B0EB009B8350 /* CatsCell.swift */,
			);
			path = Main;
			sourceTree = "<group>";
		};
		B414E70B28031BAC00ED19C3 /* Core */ = {
			isa = PBXGroup;
			children = (
				B414E7042803189500ED19C3 /* Main */,
				B414E7032803163A00ED19C3 /* Detail */,
				B414E7022803163200ED19C3 /* Favorite */,
			);
			path = Core;
			sourceTree = "<group>";
		};
		B414E70C28031BCE00ED19C3 /* Services */ = {
			isa = PBXGroup;
			children = (
				B4E910682805B2CD009B8350 /* UIKitCollection */,
				B42108652811B841001A8B35 /* AsyncImageCached */,
				B414E71328031C3B00ED19C3 /* Network */,
				B414E71628031C7300ED19C3 /* Storage */,
			);
			path = Services;
			sourceTree = "<group>";
		};
		B414E71328031C3B00ED19C3 /* Network */ = {
			isa = PBXGroup;
			children = (
				B414E70F28031BF700ED19C3 /* API.swift */,
				B414E70D28031BF100ED19C3 /* Agent.swift */,
				B414E71128031C0300ED19C3 /* AgentError.swift */,
			);
			path = Network;
			sourceTree = "<group>";
		};
		B414E71628031C7300ED19C3 /* Storage */ = {
			isa = PBXGroup;
			children = (
				B4C62C25280832C900105FCC /* CoreDataAPI.swift */,
				B414E71428031C6E00ED19C3 /* CoreDataStore.swift */,
				B4C6268C280456430060C77D /* Model.xcdatamodeld */,
				B4C62C292808583900105FCC /* CoreDataMethods */,
			);
			path = Storage;
			sourceTree = "<group>";
		};
		B42108652811B841001A8B35 /* AsyncImageCached */ = {
			isa = PBXGroup;
			children = (
				B421087928143A71001A8B35 /* LRUCaching.swift */,
				B42108662811B841001A8B35 /* ImageCache.swift */,
				B42108672811B841001A8B35 /* ImageLoader.swift */,
				B42108682811B841001A8B35 /* EnvironmentValues+ImageCache.swift */,
				B42108692811B841001A8B35 /* AsyncImageCached.swift */,
			);
			path = AsyncImageCached;
			sourceTree = "<group>";
		};
		B43415162804ADF6000EA2BF /* CatsTests */ = {
			isa = PBXGroup;
			children = (
				B43415172804ADF6000EA2BF /* CatsTests.swift */,
			);
			path = CatsTests;
			sourceTree = "<group>";
		};
		B4C626882804072F0060C77D /* Models */ = {
			isa = PBXGroup;
			children = (
				B414E7272803421000ED19C3 /* CatsModel.swift */,
				B414E7292803551600ED19C3 /* BreedesModel.swift */,
			);
			path = Models;
			sourceTree = "<group>";
		};
		B4C62C292808583900105FCC /* CoreDataMethods */ = {
			isa = PBXGroup;
			children = (
				B414E71928031CC500ED19C3 /* CoreDataFetch.swift */,
				B414E71B28031CED00ED19C3 /* CoreDataDelete.swift */,
				B414E71728031CA600ED19C3 /* CoreDataSave.swift */,
			);
			path = CoreDataMethods;
			sourceTree = "<group>";
		};
		B4E910682805B2CD009B8350 /* UIKitCollection */ = {
			isa = PBXGroup;
			children = (
				B4E910642805B1C6009B8350 /* UIKitCollection.swift */,
				B4E910662805B22C009B8350 /* CollectionViewController.swift */,
				B421084A281142DB001A8B35 /* UIHostingIgnoreSafeArea.swift */,
			);
			path = UIKitCollection;
			sourceTree = "<group>";
		};
		B4E910702805EA87009B8350 /* Extensions */ = {
			isa = PBXGroup;
			children = (
				B4E9106E2805EA81009B8350 /* Image+ext.swift */,
			);
			path = Extensions;
			sourceTree = "<group>";
		};
/* End PBXGroup section */

/* Begin PBXNativeTarget section */
		B414E6E328030B4800ED19C3 /* Cats */ = {
			isa = PBXNativeTarget;
			buildConfigurationList = B414E6F228030B4B00ED19C3 /* Build configuration list for PBXNativeTarget "Cats" */;
			buildPhases = (
				B414E6E028030B4800ED19C3 /* Sources */,
				B414E6E128030B4800ED19C3 /* Frameworks */,
				B414E6E228030B4800ED19C3 /* Resources */,
			);
			buildRules = (
			);
			dependencies = (
			);
			name = Cats;
			packageProductDependencies = (
			);
			productName = Cats;
			productReference = B414E6E428030B4800ED19C3 /* Cats.app */;
			productType = "com.apple.product-type.application";
		};
		B43415142804ADF6000EA2BF /* CatsTests */ = {
			isa = PBXNativeTarget;
			buildConfigurationList = B434151B2804ADF6000EA2BF /* Build configuration list for PBXNativeTarget "CatsTests" */;
			buildPhases = (
				B43415112804ADF6000EA2BF /* Sources */,
				B43415122804ADF6000EA2BF /* Frameworks */,
				B43415132804ADF6000EA2BF /* Resources */,
			);
			buildRules = (
			);
			dependencies = (
				B434151A2804ADF6000EA2BF /* PBXTargetDependency */,
			);
			name = CatsTests;
			productName = CatsTests;
			productReference = B43415152804ADF6000EA2BF /* CatsTests.xctest */;
			productType = "com.apple.product-type.bundle.unit-test";
		};
/* End PBXNativeTarget section */

/* Begin PBXProject section */
		B414E6DC28030B4800ED19C3 /* Project object */ = {
			isa = PBXProject;
			attributes = {
				BuildIndependentTargetsInParallel = 1;
				LastSwiftUpdateCheck = 1330;
				LastUpgradeCheck = 1330;
				TargetAttributes = {
					B414E6E328030B4800ED19C3 = {
						CreatedOnToolsVersion = 13.3;
					};
					B43415142804ADF6000EA2BF = {
						CreatedOnToolsVersion = 13.3;
						TestTargetID = B414E6E328030B4800ED19C3;
					};
				};
			};
			buildConfigurationList = B414E6DF28030B4800ED19C3 /* Build configuration list for PBXProject "Cats" */;
			compatibilityVersion = "Xcode 13.0";
			developmentRegion = en;
			hasScannedForEncodings = 0;
			knownRegions = (
				en,
				Base,
			);
			mainGroup = B414E6DB28030B4800ED19C3;
			packageReferences = (
			);
			productRefGroup = B414E6E528030B4800ED19C3 /* Products */;
			projectDirPath = "";
			projectRoot = "";
			targets = (
				B414E6E328030B4800ED19C3 /* Cats */,
				B43415142804ADF6000EA2BF /* CatsTests */,
			);
		};
/* End PBXProject section */

/* Begin PBXResourcesBuildPhase section */
		B414E6E228030B4800ED19C3 /* Resources */ = {
			isa = PBXResourcesBuildPhase;
			buildActionMask = 2147483647;
			files = (
				B4C62C2B28085A0000105FCC /* LaunchScreen.storyboard in Resources */,
				B414E6EF28030B4B00ED19C3 /* Preview Assets.xcassets in Resources */,
				B414E6EC28030B4B00ED19C3 /* Assets.xcassets in Resources */,
			);
			runOnlyForDeploymentPostprocessing = 0;
		};
		B43415132804ADF6000EA2BF /* Resources */ = {
			isa = PBXResourcesBuildPhase;
			buildActionMask = 2147483647;
			files = (
			);
			runOnlyForDeploymentPostprocessing = 0;
		};
/* End PBXResourcesBuildPhase section */

/* Begin PBXSourcesBuildPhase section */
		B414E6E028030B4800ED19C3 /* Sources */ = {
			isa = PBXSourcesBuildPhase;
			buildActionMask = 2147483647;
			files = (
				B414E71028031BF700ED19C3 /* API.swift in Sources */,
				B414E6F628030CAB00ED19C3 /* CatsMain.swift in Sources */,
				B421087A28143A71001A8B35 /* LRUCaching.swift in Sources */,
				B421086B2811B841001A8B35 /* ImageLoader.swift in Sources */,
				B4E9106F2805EA81009B8350 /* Image+ext.swift in Sources */,
				B4C62C26280832C900105FCC /* CoreDataAPI.swift in Sources */,
				B4E910672805B22C009B8350 /* CollectionViewController.swift in Sources */,
				B414E7282803421000ED19C3 /* CatsModel.swift in Sources */,
				B4E910652805B1C6009B8350 /* UIKitCollection.swift in Sources */,
				B414E70E28031BF100ED19C3 /* Agent.swift in Sources */,
				B414E70A28031B5900ED19C3 /* CatsFavoriteViewModel.swift in Sources */,
				B421086D2811B841001A8B35 /* AsyncImageCached.swift in Sources */,
				B414E6FE280313E000ED19C3 /* CatsDetail.swift in Sources */,
				B414E71C28031CED00ED19C3 /* CoreDataDelete.swift in Sources */,
				B414E71A28031CC500ED19C3 /* CoreDataFetch.swift in Sources */,
				B42108602811AB2D001A8B35 /* SeacrhField.swift in Sources */,
				B421084B281142DB001A8B35 /* UIHostingIgnoreSafeArea.swift in Sources */,
				B4E910632805B0EB009B8350 /* CatsCell.swift in Sources */,
				B4C6268E280456430060C77D /* Model.xcdatamodeld in Sources */,
				B414E71828031CA600ED19C3 /* CoreDataSave.swift in Sources */,
				B414E71528031C6E00ED19C3 /* CoreDataStore.swift in Sources */,
				B43415102804A744000EA2BF /* CatsFavoriteDetail.swift in Sources */,
				B414E706280318A200ED19C3 /* CatsViewModel.swift in Sources */,
				B414E6E828030B4800ED19C3 /* CatsApp.swift in Sources */,
				B414E71228031C0300ED19C3 /* AgentError.swift in Sources */,
				B421086C2811B841001A8B35 /* EnvironmentValues+ImageCache.swift in Sources */,
				B414E72A2803551600ED19C3 /* BreedesModel.swift in Sources */,
				B414E700280313F600ED19C3 /* CatsFavorite.swift in Sources */,
				B414E72028031F9E00ED19C3 /* ContentView.swift in Sources */,
				B414E70828031A1900ED19C3 /* CatsDetailViewModel.swift in Sources */,
				B421086A2811B841001A8B35 /* ImageCache.swift in Sources */,
			);
			runOnlyForDeploymentPostprocessing = 0;
		};
		B43415112804ADF6000EA2BF /* Sources */ = {
			isa = PBXSourcesBuildPhase;
			buildActionMask = 2147483647;
			files = (
				B43415182804ADF6000EA2BF /* CatsTests.swift in Sources */,
			);
			runOnlyForDeploymentPostprocessing = 0;
		};
/* End PBXSourcesBuildPhase section */

/* Begin PBXTargetDependency section */
		B434151A2804ADF6000EA2BF /* PBXTargetDependency */ = {
			isa = PBXTargetDependency;
			target = B414E6E328030B4800ED19C3 /* Cats */;
			targetProxy = B43415192804ADF6000EA2BF /* PBXContainerItemProxy */;
		};
/* End PBXTargetDependency section */

/* Begin XCBuildConfiguration section */
		B414E6F028030B4B00ED19C3 /* Debug */ = {
			isa = XCBuildConfiguration;
			buildSettings = {
				ALWAYS_SEARCH_USER_PATHS = NO;
				CLANG_ANALYZER_NONNULL = YES;
				CLANG_ANALYZER_NUMBER_OBJECT_CONVERSION = YES_AGGRESSIVE;
				CLANG_CXX_LANGUAGE_STANDARD = "gnu++17";
				CLANG_ENABLE_MODULES = YES;
				CLANG_ENABLE_OBJC_ARC = YES;
				CLANG_ENABLE_OBJC_WEAK = YES;
				CLANG_WARN_BLOCK_CAPTURE_AUTORELEASING = YES;
				CLANG_WARN_BOOL_CONVERSION = YES;
				CLANG_WARN_COMMA = YES;
				CLANG_WARN_CONSTANT_CONVERSION = YES;
				CLANG_WARN_DEPRECATED_OBJC_IMPLEMENTATIONS = YES;
				CLANG_WARN_DIRECT_OBJC_ISA_USAGE = YES_ERROR;
				CLANG_WARN_DOCUMENTATION_COMMENTS = YES;
				CLANG_WARN_EMPTY_BODY = YES;
				CLANG_WARN_ENUM_CONVERSION = YES;
				CLANG_WARN_INFINITE_RECURSION = YES;
				CLANG_WARN_INT_CONVERSION = YES;
				CLANG_WARN_NON_LITERAL_NULL_CONVERSION = YES;
				CLANG_WARN_OBJC_IMPLICIT_RETAIN_SELF = YES;
				CLANG_WARN_OBJC_LITERAL_CONVERSION = YES;
				CLANG_WARN_OBJC_ROOT_CLASS = YES_ERROR;
				CLANG_WARN_QUOTED_INCLUDE_IN_FRAMEWORK_HEADER = YES;
				CLANG_WARN_RANGE_LOOP_ANALYSIS = YES;
				CLANG_WARN_STRICT_PROTOTYPES = YES;
				CLANG_WARN_SUSPICIOUS_MOVE = YES;
				CLANG_WARN_UNGUARDED_AVAILABILITY = YES_AGGRESSIVE;
				CLANG_WARN_UNREACHABLE_CODE = YES;
				CLANG_WARN__DUPLICATE_METHOD_MATCH = YES;
				COPY_PHASE_STRIP = NO;
				DEBUG_INFORMATION_FORMAT = dwarf;
				ENABLE_STRICT_OBJC_MSGSEND = YES;
				ENABLE_TESTABILITY = YES;
				GCC_C_LANGUAGE_STANDARD = gnu11;
				GCC_DYNAMIC_NO_PIC = NO;
				GCC_NO_COMMON_BLOCKS = YES;
				GCC_OPTIMIZATION_LEVEL = 0;
				GCC_PREPROCESSOR_DEFINITIONS = (
					"DEBUG=1",
					"$(inherited)",
				);
				GCC_WARN_64_TO_32_BIT_CONVERSION = YES;
				GCC_WARN_ABOUT_RETURN_TYPE = YES_ERROR;
				GCC_WARN_UNDECLARED_SELECTOR = YES;
				GCC_WARN_UNINITIALIZED_AUTOS = YES_AGGRESSIVE;
				GCC_WARN_UNUSED_FUNCTION = YES;
				GCC_WARN_UNUSED_VARIABLE = YES;
				IPHONEOS_DEPLOYMENT_TARGET = 15.4;
				MTL_ENABLE_DEBUG_INFO = INCLUDE_SOURCE;
				MTL_FAST_MATH = YES;
				ONLY_ACTIVE_ARCH = YES;
				SDKROOT = iphoneos;
				SWIFT_ACTIVE_COMPILATION_CONDITIONS = DEBUG;
				SWIFT_OPTIMIZATION_LEVEL = "-Onone";
			};
			name = Debug;
		};
		B414E6F128030B4B00ED19C3 /* Release */ = {
			isa = XCBuildConfiguration;
			buildSettings = {
				ALWAYS_SEARCH_USER_PATHS = NO;
				CLANG_ANALYZER_NONNULL = YES;
				CLANG_ANALYZER_NUMBER_OBJECT_CONVERSION = YES_AGGRESSIVE;
				CLANG_CXX_LANGUAGE_STANDARD = "gnu++17";
				CLANG_ENABLE_MODULES = YES;
				CLANG_ENABLE_OBJC_ARC = YES;
				CLANG_ENABLE_OBJC_WEAK = YES;
				CLANG_WARN_BLOCK_CAPTURE_AUTORELEASING = YES;
				CLANG_WARN_BOOL_CONVERSION = YES;
				CLANG_WARN_COMMA = YES;
				CLANG_WARN_CONSTANT_CONVERSION = YES;
				CLANG_WARN_DEPRECATED_OBJC_IMPLEMENTATIONS = YES;
				CLANG_WARN_DIRECT_OBJC_ISA_USAGE = YES_ERROR;
				CLANG_WARN_DOCUMENTATION_COMMENTS = YES;
				CLANG_WARN_EMPTY_BODY = YES;
				CLANG_WARN_ENUM_CONVERSION = YES;
				CLANG_WARN_INFINITE_RECURSION = YES;
				CLANG_WARN_INT_CONVERSION = YES;
				CLANG_WARN_NON_LITERAL_NULL_CONVERSION = YES;
				CLANG_WARN_OBJC_IMPLICIT_RETAIN_SELF = YES;
				CLANG_WARN_OBJC_LITERAL_CONVERSION = YES;
				CLANG_WARN_OBJC_ROOT_CLASS = YES_ERROR;
				CLANG_WARN_QUOTED_INCLUDE_IN_FRAMEWORK_HEADER = YES;
				CLANG_WARN_RANGE_LOOP_ANALYSIS = YES;
				CLANG_WARN_STRICT_PROTOTYPES = YES;
				CLANG_WARN_SUSPICIOUS_MOVE = YES;
				CLANG_WARN_UNGUARDED_AVAILABILITY = YES_AGGRESSIVE;
				CLANG_WARN_UNREACHABLE_CODE = YES;
				CLANG_WARN__DUPLICATE_METHOD_MATCH = YES;
				COPY_PHASE_STRIP = NO;
				DEBUG_INFORMATION_FORMAT = "dwarf-with-dsym";
				ENABLE_NS_ASSERTIONS = NO;
				ENABLE_STRICT_OBJC_MSGSEND = YES;
				GCC_C_LANGUAGE_STANDARD = gnu11;
				GCC_NO_COMMON_BLOCKS = YES;
				GCC_WARN_64_TO_32_BIT_CONVERSION = YES;
				GCC_WARN_ABOUT_RETURN_TYPE = YES_ERROR;
				GCC_WARN_UNDECLARED_SELECTOR = YES;
				GCC_WARN_UNINITIALIZED_AUTOS = YES_AGGRESSIVE;
				GCC_WARN_UNUSED_FUNCTION = YES;
				GCC_WARN_UNUSED_VARIABLE = YES;
				IPHONEOS_DEPLOYMENT_TARGET = 15.4;
				MTL_ENABLE_DEBUG_INFO = NO;
				MTL_FAST_MATH = YES;
				SDKROOT = iphoneos;
				SWIFT_COMPILATION_MODE = wholemodule;
				SWIFT_OPTIMIZATION_LEVEL = "-O";
				VALIDATE_PRODUCT = YES;
			};
			name = Release;
		};
		B414E6F328030B4B00ED19C3 /* Debug */ = {
			isa = XCBuildConfiguration;
			buildSettings = {
				ASSETCATALOG_COMPILER_APPICON_NAME = AppIcon;
				ASSETCATALOG_COMPILER_GLOBAL_ACCENT_COLOR_NAME = AccentColor;
				CODE_SIGN_STYLE = Automatic;
				CURRENT_PROJECT_VERSION = 1;
				DEVELOPMENT_ASSET_PATHS = "\"Cats/Preview Content\"";
				DEVELOPMENT_TEAM = 9M7NZR7YP6;
				ENABLE_PREVIEWS = YES;
				GENERATE_INFOPLIST_FILE = YES;
				INFOPLIST_KEY_UIApplicationSceneManifest_Generation = YES;
				INFOPLIST_KEY_UIApplicationSupportsIndirectInputEvents = YES;
				INFOPLIST_KEY_UILaunchScreen_Generation = YES;
				INFOPLIST_KEY_UILaunchStoryboardName = LaunchScreen;
				INFOPLIST_KEY_UISupportedInterfaceOrientations = "UIInterfaceOrientationPortrait UIInterfaceOrientationPortraitUpsideDown UIInterfaceOrientationLandscapeLeft UIInterfaceOrientationLandscapeRight";
				INFOPLIST_KEY_UISupportedInterfaceOrientations_iPad = "UIInterfaceOrientationPortrait UIInterfaceOrientationPortraitUpsideDown UIInterfaceOrientationLandscapeLeft UIInterfaceOrientationLandscapeRight";
				INFOPLIST_KEY_UISupportedInterfaceOrientations_iPhone = "UIInterfaceOrientationPortrait UIInterfaceOrientationLandscapeLeft UIInterfaceOrientationLandscapeRight";
				IPHONEOS_DEPLOYMENT_TARGET = 14.0;
				LD_RUNPATH_SEARCH_PATHS = (
					"$(inherited)",
					"@executable_path/Frameworks",
				);
				MARKETING_VERSION = 1.0;
				PRODUCT_BUNDLE_IDENTIFIER = com.clickey.Cats;
				PRODUCT_NAME = "$(TARGET_NAME)";
				SWIFT_EMIT_LOC_STRINGS = YES;
				SWIFT_VERSION = 5.0;
				TARGETED_DEVICE_FAMILY = "1,2";
			};
			name = Debug;
		};
		B414E6F428030B4B00ED19C3 /* Release */ = {
			isa = XCBuildConfiguration;
			buildSettings = {
				ASSETCATALOG_COMPILER_APPICON_NAME = AppIcon;
				ASSETCATALOG_COMPILER_GLOBAL_ACCENT_COLOR_NAME = AccentColor;
				CODE_SIGN_STYLE = Automatic;
				CURRENT_PROJECT_VERSION = 1;
				DEVELOPMENT_ASSET_PATHS = "\"Cats/Preview Content\"";
				DEVELOPMENT_TEAM = 9M7NZR7YP6;
				ENABLE_PREVIEWS = YES;
				GENERATE_INFOPLIST_FILE = YES;
				INFOPLIST_KEY_UIApplicationSceneManifest_Generation = YES;
				INFOPLIST_KEY_UIApplicationSupportsIndirectInputEvents = YES;
				INFOPLIST_KEY_UILaunchScreen_Generation = YES;
				INFOPLIST_KEY_UILaunchStoryboardName = LaunchScreen;
				INFOPLIST_KEY_UISupportedInterfaceOrientations = "UIInterfaceOrientationPortrait UIInterfaceOrientationPortraitUpsideDown UIInterfaceOrientationLandscapeLeft UIInterfaceOrientationLandscapeRight";
				INFOPLIST_KEY_UISupportedInterfaceOrientations_iPad = "UIInterfaceOrientationPortrait UIInterfaceOrientationPortraitUpsideDown UIInterfaceOrientationLandscapeLeft UIInterfaceOrientationLandscapeRight";
				INFOPLIST_KEY_UISupportedInterfaceOrientations_iPhone = "UIInterfaceOrientationPortrait UIInterfaceOrientationLandscapeLeft UIInterfaceOrientationLandscapeRight";
				IPHONEOS_DEPLOYMENT_TARGET = 14.0;
				LD_RUNPATH_SEARCH_PATHS = (
					"$(inherited)",
					"@executable_path/Frameworks",
				);
				MARKETING_VERSION = 1.0;
				PRODUCT_BUNDLE_IDENTIFIER = com.clickey.Cats;
				PRODUCT_NAME = "$(TARGET_NAME)";
				SWIFT_EMIT_LOC_STRINGS = YES;
				SWIFT_VERSION = 5.0;
				TARGETED_DEVICE_FAMILY = "1,2";
			};
			name = Release;
		};
		B434151C2804ADF6000EA2BF /* Debug */ = {
			isa = XCBuildConfiguration;
			buildSettings = {
				BUNDLE_LOADER = "$(TEST_HOST)";
				CODE_SIGN_STYLE = Automatic;
				CURRENT_PROJECT_VERSION = 1;
				DEVELOPMENT_TEAM = 9M7NZR7YP6;
				GENERATE_INFOPLIST_FILE = YES;
				MARKETING_VERSION = 1.0;
				PRODUCT_BUNDLE_IDENTIFIER = com.clickey.CatsTests;
				PRODUCT_NAME = "$(TARGET_NAME)";
				SWIFT_EMIT_LOC_STRINGS = NO;
				SWIFT_VERSION = 5.0;
				TARGETED_DEVICE_FAMILY = "1,2";
				TEST_HOST = "$(BUILT_PRODUCTS_DIR)/Cats.app/Cats";
			};
			name = Debug;
		};
		B434151D2804ADF6000EA2BF /* Release */ = {
			isa = XCBuildConfiguration;
			buildSettings = {
				BUNDLE_LOADER = "$(TEST_HOST)";
				CODE_SIGN_STYLE = Automatic;
				CURRENT_PROJECT_VERSION = 1;
				DEVELOPMENT_TEAM = 9M7NZR7YP6;
				GENERATE_INFOPLIST_FILE = YES;
				MARKETING_VERSION = 1.0;
				PRODUCT_BUNDLE_IDENTIFIER = com.clickey.CatsTests;
				PRODUCT_NAME = "$(TARGET_NAME)";
				SWIFT_EMIT_LOC_STRINGS = NO;
				SWIFT_VERSION = 5.0;
				TARGETED_DEVICE_FAMILY = "1,2";
				TEST_HOST = "$(BUILT_PRODUCTS_DIR)/Cats.app/Cats";
			};
			name = Release;
		};
/* End XCBuildConfiguration section */

/* Begin XCConfigurationList section */
		B414E6DF28030B4800ED19C3 /* Build configuration list for PBXProject "Cats" */ = {
			isa = XCConfigurationList;
			buildConfigurations = (
				B414E6F028030B4B00ED19C3 /* Debug */,
				B414E6F128030B4B00ED19C3 /* Release */,
			);
			defaultConfigurationIsVisible = 0;
			defaultConfigurationName = Release;
		};
		B414E6F228030B4B00ED19C3 /* Build configuration list for PBXNativeTarget "Cats" */ = {
			isa = XCConfigurationList;
			buildConfigurations = (
				B414E6F328030B4B00ED19C3 /* Debug */,
				B414E6F428030B4B00ED19C3 /* Release */,
			);
			defaultConfigurationIsVisible = 0;
			defaultConfigurationName = Release;
		};
		B434151B2804ADF6000EA2BF /* Build configuration list for PBXNativeTarget "CatsTests" */ = {
			isa = XCConfigurationList;
			buildConfigurations = (
				B434151C2804ADF6000EA2BF /* Debug */,
				B434151D2804ADF6000EA2BF /* Release */,
			);
			defaultConfigurationIsVisible = 0;
			defaultConfigurationName = Release;
		};
/* End XCConfigurationList section */

/* Begin XCVersionGroup section */
		B4C6268C280456430060C77D /* Model.xcdatamodeld */ = {
			isa = XCVersionGroup;
			children = (
				B4C6268D280456430060C77D /* Model.xcdatamodel */,
			);
			currentVersion = B4C6268D280456430060C77D /* Model.xcdatamodel */;
			path = Model.xcdatamodeld;
			sourceTree = "<group>";
			versionGroupType = wrapper.xcdatamodel;
		};
/* End XCVersionGroup section */
	};
	rootObject = B414E6DC28030B4800ED19C3 /* Project object */;
}
